{
  "name": "truly",
  "version": "0.2.0",
  "dependencies": {
    "protype": {
      "version": "0.2.0",
      "from": "protype@latest",
      "resolved": "https://registry.npmjs.org/protype/-/protype-0.2.0.tgz",
      "dependencies": {
        "cemento": {
          "version": "0.1.0",
          "from": "cemento@latest",
          "resolved": "https://registry.npmjs.org/cemento/-/cemento-0.1.0.tgz",
          "dependencies": {
            "harden": {
              "version": "0.6.0",
              "from": "harden@latest",
              "resolved": "https://registry.npmjs.org/harden/-/harden-0.6.0.tgz"
            }
          }
        },
        "harden": {
          "version": "0.6.0",
          "from": "harden@latest",
          "resolved": "https://registry.npmjs.org/harden/-/harden-0.6.0.tgz"
        }
      }
    }
  }
}
